// !$*UTF8*$!
{
	archiveVersion = 1;
	classes = {
	};
	objectVersion = 52;
	objects = {

/* Begin PBXBuildFile section */
		AC0338A52577E9C900E3775D /* UserDefaultsManager.swift in Sources */ = {isa = PBXBuildFile; fileRef = AC0338A42577E9C900E3775D /* UserDefaultsManager.swift */; };
		AC0338C3257923BD00E3775D /* AppDelegate.swift in Sources */ = {isa = PBXBuildFile; fileRef = AC0338C2257923BD00E3775D /* AppDelegate.swift */; };
		AC1ABD5825615F410068AF39 /* MyFirstMacApp2.swift in Sources */ = {isa = PBXBuildFile; fileRef = AC1ABD5725615F410068AF39 /* MyFirstMacApp2.swift */; };
		AC1ABD5A25615F410068AF39 /* ContentView.swift in Sources */ = {isa = PBXBuildFile; fileRef = AC1ABD5925615F410068AF39 /* ContentView.swift */; };
		AC1ABD5C25615F420068AF39 /* Assets.xcassets in Resources */ = {isa = PBXBuildFile; fileRef = AC1ABD5B25615F420068AF39 /* Assets.xcassets */; };
		AC1ABD5F25615F420068AF39 /* Preview Assets.xcassets in Resources */ = {isa = PBXBuildFile; fileRef = AC1ABD5E25615F420068AF39 /* Preview Assets.xcassets */; };
		AC1ABD6225615F420068AF39 /* Main.storyboard in Resources */ = {isa = PBXBuildFile; fileRef = AC1ABD6025615F420068AF39 /* Main.storyboard */; };
		AC1ABD6E25615F420068AF39 /* MyFirstMacApp2Tests.swift in Sources */ = {isa = PBXBuildFile; fileRef = AC1ABD6D25615F420068AF39 /* MyFirstMacApp2Tests.swift */; };
		AC1ABD7925615F420068AF39 /* MyFirstMacApp2UITests.swift in Sources */ = {isa = PBXBuildFile; fileRef = AC1ABD7825615F420068AF39 /* MyFirstMacApp2UITests.swift */; };
		AC2C9CE72572759B00140D91 /* PasteboardObserver.swift in Sources */ = {isa = PBXBuildFile; fileRef = AC2C9CE62572759B00140D91 /* PasteboardObserver.swift */; };
		AC30B86C257688D100E3DEB8 /* PasteboardObservableObject.swift in Sources */ = {isa = PBXBuildFile; fileRef = AC30B86B257688D100E3DEB8 /* PasteboardObservableObject.swift */; };
		AC4870F9256BDFF300A909B9 /* HotKey in Frameworks */ = {isa = PBXBuildFile; productRef = AC4870F8256BDFF300A909B9 /* HotKey */; };
/* End PBXBuildFile section */

/* Begin PBXContainerItemProxy section */
		AC1ABD6A25615F420068AF39 /* PBXContainerItemProxy */ = {
			isa = PBXContainerItemProxy;
			containerPortal = AC1ABD4C25615F410068AF39 /* Project object */;
			proxyType = 1;
			remoteGlobalIDString = AC1ABD5325615F410068AF39;
			remoteInfo = MyFirstMacApp2;
		};
		AC1ABD7525615F420068AF39 /* PBXContainerItemProxy */ = {
			isa = PBXContainerItemProxy;
			containerPortal = AC1ABD4C25615F410068AF39 /* Project object */;
			proxyType = 1;
			remoteGlobalIDString = AC1ABD5325615F410068AF39;
			remoteInfo = MyFirstMacApp2;
		};
/* End PBXContainerItemProxy section */

/* Begin PBXFileReference section */
		AC0338A42577E9C900E3775D /* UserDefaultsManager.swift */ = {isa = PBXFileReference; lastKnownFileType = sourcecode.swift; path = UserDefaultsManager.swift; sourceTree = "<group>"; };
		AC0338C2257923BD00E3775D /* AppDelegate.swift */ = {isa = PBXFileReference; lastKnownFileType = sourcecode.swift; path = AppDelegate.swift; sourceTree = "<group>"; };
		AC1ABD5425615F410068AF39 /* MyFirstMacApp2.app */ = {isa = PBXFileReference; explicitFileType = wrapper.application; includeInIndex = 0; path = MyFirstMacApp2.app; sourceTree = BUILT_PRODUCTS_DIR; };
		AC1ABD5725615F410068AF39 /* MyFirstMacApp2.swift */ = {isa = PBXFileReference; lastKnownFileType = sourcecode.swift; path = MyFirstMacApp2.swift; sourceTree = "<group>"; };
		AC1ABD5925615F410068AF39 /* ContentView.swift */ = {isa = PBXFileReference; lastKnownFileType = sourcecode.swift; path = ContentView.swift; sourceTree = "<group>"; };
		AC1ABD5B25615F420068AF39 /* Assets.xcassets */ = {isa = PBXFileReference; lastKnownFileType = folder.assetcatalog; path = Assets.xcassets; sourceTree = "<group>"; };
		AC1ABD5E25615F420068AF39 /* Preview Assets.xcassets */ = {isa = PBXFileReference; lastKnownFileType = folder.assetcatalog; path = "Preview Assets.xcassets"; sourceTree = "<group>"; };
		AC1ABD6125615F420068AF39 /* Base */ = {isa = PBXFileReference; lastKnownFileType = file.storyboard; name = Base; path = Base.lproj/Main.storyboard; sourceTree = "<group>"; };
		AC1ABD6325615F420068AF39 /* Info.plist */ = {isa = PBXFileReference; lastKnownFileType = text.plist.xml; path = Info.plist; sourceTree = "<group>"; };
		AC1ABD6425615F420068AF39 /* MyFirstMacApp2.entitlements */ = {isa = PBXFileReference; lastKnownFileType = text.plist.entitlements; path = MyFirstMacApp2.entitlements; sourceTree = "<group>"; };
		AC1ABD6925615F420068AF39 /* MyFirstMacApp2Tests.xctest */ = {isa = PBXFileReference; explicitFileType = wrapper.cfbundle; includeInIndex = 0; path = MyFirstMacApp2Tests.xctest; sourceTree = BUILT_PRODUCTS_DIR; };
		AC1ABD6D25615F420068AF39 /* MyFirstMacApp2Tests.swift */ = {isa = PBXFileReference; lastKnownFileType = sourcecode.swift; path = MyFirstMacApp2Tests.swift; sourceTree = "<group>"; };
		AC1ABD6F25615F420068AF39 /* Info.plist */ = {isa = PBXFileReference; lastKnownFileType = text.plist.xml; path = Info.plist; sourceTree = "<group>"; };
		AC1ABD7425615F420068AF39 /* MyFirstMacApp2UITests.xctest */ = {isa = PBXFileReference; explicitFileType = wrapper.cfbundle; includeInIndex = 0; path = MyFirstMacApp2UITests.xctest; sourceTree = BUILT_PRODUCTS_DIR; };
		AC1ABD7825615F420068AF39 /* MyFirstMacApp2UITests.swift */ = {isa = PBXFileReference; lastKnownFileType = sourcecode.swift; path = MyFirstMacApp2UITests.swift; sourceTree = "<group>"; };
		AC1ABD7A25615F420068AF39 /* Info.plist */ = {isa = PBXFileReference; lastKnownFileType = text.plist.xml; path = Info.plist; sourceTree = "<group>"; };
		AC2C9CE62572759B00140D91 /* PasteboardObserver.swift */ = {isa = PBXFileReference; lastKnownFileType = sourcecode.swift; path = PasteboardObserver.swift; sourceTree = "<group>"; };
		AC30B86B257688D100E3DEB8 /* PasteboardObservableObject.swift */ = {isa = PBXFileReference; lastKnownFileType = sourcecode.swift; path = PasteboardObservableObject.swift; sourceTree = "<group>"; };
/* End PBXFileReference section */

/* Begin PBXFrameworksBuildPhase section */
		AC1ABD5125615F410068AF39 /* Frameworks */ = {
			isa = PBXFrameworksBuildPhase;
			buildActionMask = 2147483647;
			files = (
				AC4870F9256BDFF300A909B9 /* HotKey in Frameworks */,
			);
			runOnlyForDeploymentPostprocessing = 0;
		};
		AC1ABD6625615F420068AF39 /* Frameworks */ = {
			isa = PBXFrameworksBuildPhase;
			buildActionMask = 2147483647;
			files = (
			);
			runOnlyForDeploymentPostprocessing = 0;
		};
		AC1ABD7125615F420068AF39 /* Frameworks */ = {
			isa = PBXFrameworksBuildPhase;
			buildActionMask = 2147483647;
			files = (
			);
			runOnlyForDeploymentPostprocessing = 0;
		};
/* End PBXFrameworksBuildPhase section */

/* Begin PBXGroup section */
		AC1ABD4B25615F410068AF39 = {
			isa = PBXGroup;
			children = (
				AC1ABD5625615F410068AF39 /* MyFirstMacApp2 */,
				AC1ABD6C25615F420068AF39 /* MyFirstMacApp2Tests */,
				AC1ABD7725615F420068AF39 /* MyFirstMacApp2UITests */,
				AC1ABD5525615F410068AF39 /* Products */,
			);
			sourceTree = "<group>";
		};
		AC1ABD5525615F410068AF39 /* Products */ = {
			isa = PBXGroup;
			children = (
				AC1ABD5425615F410068AF39 /* MyFirstMacApp2.app */,
				AC1ABD6925615F420068AF39 /* MyFirstMacApp2Tests.xctest */,
				AC1ABD7425615F420068AF39 /* MyFirstMacApp2UITests.xctest */,
			);
			name = Products;
			sourceTree = "<group>";
		};
		AC1ABD5625615F410068AF39 /* MyFirstMacApp2 */ = {
			isa = PBXGroup;
			children = (
				AC1ABD5725615F410068AF39 /* MyFirstMacApp2.swift */,
				AC0338C2257923BD00E3775D /* AppDelegate.swift */,
				AC2C9CE32572754B00140D91 /* View */,
				AC2C9CE52572756100140D91 /* Model */,
				AC1ABD5B25615F420068AF39 /* Assets.xcassets */,
				AC1ABD6025615F420068AF39 /* Main.storyboard */,
				AC1ABD6325615F420068AF39 /* Info.plist */,
				AC1ABD6425615F420068AF39 /* MyFirstMacApp2.entitlements */,
				AC1ABD5D25615F420068AF39 /* Preview Content */,
			);
			path = MyFirstMacApp2;
			sourceTree = "<group>";
		};
		AC1ABD5D25615F420068AF39 /* Preview Content */ = {
			isa = PBXGroup;
			children = (
				AC1ABD5E25615F420068AF39 /* Preview Assets.xcassets */,
			);
			path = "Preview Content";
			sourceTree = "<group>";
		};
		AC1ABD6C25615F420068AF39 /* MyFirstMacApp2Tests */ = {
			isa = PBXGroup;
			children = (
				AC1ABD6D25615F420068AF39 /* MyFirstMacApp2Tests.swift */,
				AC1ABD6F25615F420068AF39 /* Info.plist */,
			);
			path = MyFirstMacApp2Tests;
			sourceTree = "<group>";
		};
		AC1ABD7725615F420068AF39 /* MyFirstMacApp2UITests */ = {
			isa = PBXGroup;
			children = (
				AC1ABD7825615F420068AF39 /* MyFirstMacApp2UITests.swift */,
				AC1ABD7A25615F420068AF39 /* Info.plist */,
			);
			path = MyFirstMacApp2UITests;
			sourceTree = "<group>";
		};
		AC2C9CE32572754B00140D91 /* View */ = {
			isa = PBXGroup;
			children = (
				AC1ABD5925615F410068AF39 /* ContentView.swift */,
			);
			path = View;
			sourceTree = "<group>";
		};
		AC2C9CE52572756100140D91 /* Model */ = {
			isa = PBXGroup;
			children = (
				AC30B86B257688D100E3DEB8 /* PasteboardObservableObject.swift */,
				AC2C9CE62572759B00140D91 /* PasteboardObserver.swift */,
				AC0338A42577E9C900E3775D /* UserDefaultsManager.swift */,
			);
			path = Model;
			sourceTree = "<group>";
		};
/* End PBXGroup section */

/* Begin PBXNativeTarget section */
		AC1ABD5325615F410068AF39 /* MyFirstMacApp2 */ = {
			isa = PBXNativeTarget;
			buildConfigurationList = AC1ABD7D25615F420068AF39 /* Build configuration list for PBXNativeTarget "MyFirstMacApp2" */;
			buildPhases = (
				AC1ABD5025615F410068AF39 /* Sources */,
				AC1ABD5125615F410068AF39 /* Frameworks */,
				AC1ABD5225615F410068AF39 /* Resources */,
				AC0338AC2577EF0D00E3775D /* Linting by SwiftLint */,
			);
			buildRules = (
			);
			dependencies = (
			);
			name = MyFirstMacApp2;
			packageProductDependencies = (
				AC4870F8256BDFF300A909B9 /* HotKey */,
			);
			productName = MyFirstMacApp2;
			productReference = AC1ABD5425615F410068AF39 /* MyFirstMacApp2.app */;
			productType = "com.apple.product-type.application";
		};
		AC1ABD6825615F420068AF39 /* MyFirstMacApp2Tests */ = {
			isa = PBXNativeTarget;
			buildConfigurationList = AC1ABD8025615F420068AF39 /* Build configuration list for PBXNativeTarget "MyFirstMacApp2Tests" */;
			buildPhases = (
				AC1ABD6525615F420068AF39 /* Sources */,
				AC1ABD6625615F420068AF39 /* Frameworks */,
				AC1ABD6725615F420068AF39 /* Resources */,
			);
			buildRules = (
			);
			dependencies = (
				AC1ABD6B25615F420068AF39 /* PBXTargetDependency */,
			);
			name = MyFirstMacApp2Tests;
			productName = MyFirstMacApp2Tests;
			productReference = AC1ABD6925615F420068AF39 /* MyFirstMacApp2Tests.xctest */;
			productType = "com.apple.product-type.bundle.unit-test";
		};
		AC1ABD7325615F420068AF39 /* MyFirstMacApp2UITests */ = {
			isa = PBXNativeTarget;
			buildConfigurationList = AC1ABD8325615F420068AF39 /* Build configuration list for PBXNativeTarget "MyFirstMacApp2UITests" */;
			buildPhases = (
				AC1ABD7025615F420068AF39 /* Sources */,
				AC1ABD7125615F420068AF39 /* Frameworks */,
				AC1ABD7225615F420068AF39 /* Resources */,
			);
			buildRules = (
			);
			dependencies = (
				AC1ABD7625615F420068AF39 /* PBXTargetDependency */,
			);
			name = MyFirstMacApp2UITests;
			productName = MyFirstMacApp2UITests;
			productReference = AC1ABD7425615F420068AF39 /* MyFirstMacApp2UITests.xctest */;
			productType = "com.apple.product-type.bundle.ui-testing";
		};
/* End PBXNativeTarget section */

/* Begin PBXProject section */
		AC1ABD4C25615F410068AF39 /* Project object */ = {
			isa = PBXProject;
			attributes = {
				LastSwiftUpdateCheck = 1220;
				LastUpgradeCheck = 1220;
				TargetAttributes = {
					AC1ABD5325615F410068AF39 = {
						CreatedOnToolsVersion = 12.2;
					};
					AC1ABD6825615F420068AF39 = {
						CreatedOnToolsVersion = 12.2;
						TestTargetID = AC1ABD5325615F410068AF39;
					};
					AC1ABD7325615F420068AF39 = {
						CreatedOnToolsVersion = 12.2;
						TestTargetID = AC1ABD5325615F410068AF39;
					};
				};
			};
			buildConfigurationList = AC1ABD4F25615F410068AF39 /* Build configuration list for PBXProject "MyFirstMacApp2" */;
			compatibilityVersion = "Xcode 9.3";
			developmentRegion = en;
			hasScannedForEncodings = 0;
			knownRegions = (
				en,
				Base,
			);
			mainGroup = AC1ABD4B25615F410068AF39;
			packageReferences = (
				AC4870F7256BDFF300A909B9 /* XCRemoteSwiftPackageReference "HotKey" */,
			);
			productRefGroup = AC1ABD5525615F410068AF39 /* Products */;
			projectDirPath = "";
			projectRoot = "";
			targets = (
				AC1ABD5325615F410068AF39 /* MyFirstMacApp2 */,
				AC1ABD6825615F420068AF39 /* MyFirstMacApp2Tests */,
				AC1ABD7325615F420068AF39 /* MyFirstMacApp2UITests */,
			);
		};
/* End PBXProject section */

/* Begin PBXResourcesBuildPhase section */
		AC1ABD5225615F410068AF39 /* Resources */ = {
			isa = PBXResourcesBuildPhase;
			buildActionMask = 2147483647;
			files = (
				AC1ABD6225615F420068AF39 /* Main.storyboard in Resources */,
				AC1ABD5F25615F420068AF39 /* Preview Assets.xcassets in Resources */,
				AC1ABD5C25615F420068AF39 /* Assets.xcassets in Resources */,
			);
			runOnlyForDeploymentPostprocessing = 0;
		};
		AC1ABD6725615F420068AF39 /* Resources */ = {
			isa = PBXResourcesBuildPhase;
			buildActionMask = 2147483647;
			files = (
			);
			runOnlyForDeploymentPostprocessing = 0;
		};
		AC1ABD7225615F420068AF39 /* Resources */ = {
			isa = PBXResourcesBuildPhase;
			buildActionMask = 2147483647;
			files = (
			);
			runOnlyForDeploymentPostprocessing = 0;
		};
/* End PBXResourcesBuildPhase section */

/* Begin PBXShellScriptBuildPhase section */
		AC0338AC2577EF0D00E3775D /* Linting by SwiftLint */ = {
			isa = PBXShellScriptBuildPhase;
			buildActionMask = 2147483647;
			files = (
			);
			inputFileListPaths = (
			);
			inputPaths = (
			);
			name = "Linting by SwiftLint";
			outputFileListPaths = (
			);
			outputPaths = (
			);
			runOnlyForDeploymentPostprocessing = 0;
			shellPath = /bin/sh;
			shellScript = "if which swiftlint >/dev/null; then\n  swiftlint\nelse\n  echo \"warning: SwiftLint not installed, download from https://github.com/realm/SwiftLint\"\nfi\n";
		};
/* End PBXShellScriptBuildPhase section */

/* Begin PBXSourcesBuildPhase section */
		AC1ABD5025615F410068AF39 /* Sources */ = {
			isa = PBXSourcesBuildPhase;
			buildActionMask = 2147483647;
			files = (
				AC0338C3257923BD00E3775D /* AppDelegate.swift in Sources */,
				AC30B86C257688D100E3DEB8 /* PasteboardObservableObject.swift in Sources */,
				AC0338A52577E9C900E3775D /* UserDefaultsManager.swift in Sources */,
				AC2C9CE72572759B00140D91 /* PasteboardObserver.swift in Sources */,
				AC1ABD5A25615F410068AF39 /* ContentView.swift in Sources */,
				AC1ABD5825615F410068AF39 /* MyFirstMacApp2.swift in Sources */,
			);
			runOnlyForDeploymentPostprocessing = 0;
		};
		AC1ABD6525615F420068AF39 /* Sources */ = {
			isa = PBXSourcesBuildPhase;
			buildActionMask = 2147483647;
			files = (
				AC1ABD6E25615F420068AF39 /* MyFirstMacApp2Tests.swift in Sources */,
			);
			runOnlyForDeploymentPostprocessing = 0;
		};
		AC1ABD7025615F420068AF39 /* Sources */ = {
			isa = PBXSourcesBuildPhase;
			buildActionMask = 2147483647;
			files = (
				AC1ABD7925615F420068AF39 /* MyFirstMacApp2UITests.swift in Sources */,
			);
			runOnlyForDeploymentPostprocessing = 0;
		};
/* End PBXSourcesBuildPhase section */

/* Begin PBXTargetDependency section */
		AC1ABD6B25615F420068AF39 /* PBXTargetDependency */ = {
			isa = PBXTargetDependency;
			target = AC1ABD5325615F410068AF39 /* MyFirstMacApp2 */;
			targetProxy = AC1ABD6A25615F420068AF39 /* PBXContainerItemProxy */;
		};
		AC1ABD7625615F420068AF39 /* PBXTargetDependency */ = {
			isa = PBXTargetDependency;
			target = AC1ABD5325615F410068AF39 /* MyFirstMacApp2 */;
			targetProxy = AC1ABD7525615F420068AF39 /* PBXContainerItemProxy */;
		};
/* End PBXTargetDependency section */

/* Begin PBXVariantGroup section */
		AC1ABD6025615F420068AF39 /* Main.storyboard */ = {
			isa = PBXVariantGroup;
			children = (
				AC1ABD6125615F420068AF39 /* Base */,
			);
			name = Main.storyboard;
			sourceTree = "<group>";
		};
/* End PBXVariantGroup section */

/* Begin XCBuildConfiguration section */
		AC1ABD7B25615F420068AF39 /* Debug */ = {
			isa = XCBuildConfiguration;
			buildSettings = {
				ALWAYS_SEARCH_USER_PATHS = NO;
				CLANG_ANALYZER_NONNULL = YES;
				CLANG_ANALYZER_NUMBER_OBJECT_CONVERSION = YES_AGGRESSIVE;
				CLANG_CXX_LANGUAGE_STANDARD = "gnu++14";
				CLANG_CXX_LIBRARY = "libc++";
				CLANG_ENABLE_MODULES = YES;
				CLANG_ENABLE_OBJC_ARC = YES;
				CLANG_ENABLE_OBJC_WEAK = YES;
				CLANG_WARN_BLOCK_CAPTURE_AUTORELEASING = YES;
				CLANG_WARN_BOOL_CONVERSION = YES;
				CLANG_WARN_COMMA = YES;
				CLANG_WARN_CONSTANT_CONVERSION = YES;
				CLANG_WARN_DEPRECATED_OBJC_IMPLEMENTATIONS = YES;
				CLANG_WARN_DIRECT_OBJC_ISA_USAGE = YES_ERROR;
				CLANG_WARN_DOCUMENTATION_COMMENTS = YES;
				CLANG_WARN_EMPTY_BODY = YES;
				CLANG_WARN_ENUM_CONVERSION = YES;
				CLANG_WARN_INFINITE_RECURSION = YES;
				CLANG_WARN_INT_CONVERSION = YES;
				CLANG_WARN_NON_LITERAL_NULL_CONVERSION = YES;
				CLANG_WARN_OBJC_IMPLICIT_RETAIN_SELF = YES;
				CLANG_WARN_OBJC_LITERAL_CONVERSION = YES;
				CLANG_WARN_OBJC_ROOT_CLASS = YES_ERROR;
				CLANG_WARN_QUOTED_INCLUDE_IN_FRAMEWORK_HEADER = YES;
				CLANG_WARN_RANGE_LOOP_ANALYSIS = YES;
				CLANG_WARN_STRICT_PROTOTYPES = YES;
				CLANG_WARN_SUSPICIOUS_MOVE = YES;
				CLANG_WARN_UNGUARDED_AVAILABILITY = YES_AGGRESSIVE;
				CLANG_WARN_UNREACHABLE_CODE = YES;
				CLANG_WARN__DUPLICATE_METHOD_MATCH = YES;
				COPY_PHASE_STRIP = NO;
				DEBUG_INFORMATION_FORMAT = dwarf;
				ENABLE_STRICT_OBJC_MSGSEND = YES;
				ENABLE_TESTABILITY = YES;
				GCC_C_LANGUAGE_STANDARD = gnu11;
				GCC_DYNAMIC_NO_PIC = NO;
				GCC_NO_COMMON_BLOCKS = YES;
				GCC_OPTIMIZATION_LEVEL = 0;
				GCC_PREPROCESSOR_DEFINITIONS = (
					"DEBUG=1",
					"$(inherited)",
				);
				GCC_WARN_64_TO_32_BIT_CONVERSION = YES;
				GCC_WARN_ABOUT_RETURN_TYPE = YES_ERROR;
				GCC_WARN_UNDECLARED_SELECTOR = YES;
				GCC_WARN_UNINITIALIZED_AUTOS = YES_AGGRESSIVE;
				GCC_WARN_UNUSED_FUNCTION = YES;
				GCC_WARN_UNUSED_VARIABLE = YES;
				MACOSX_DEPLOYMENT_TARGET = 11.0;
				MTL_ENABLE_DEBUG_INFO = INCLUDE_SOURCE;
				MTL_FAST_MATH = YES;
				ONLY_ACTIVE_ARCH = YES;
				SDKROOT = macosx;
				SWIFT_ACTIVE_COMPILATION_CONDITIONS = DEBUG;
				SWIFT_OPTIMIZATION_LEVEL = "-Onone";
			};
			name = Debug;
		};
		AC1ABD7C25615F420068AF39 /* Release */ = {
			isa = XCBuildConfiguration;
			buildSettings = {
				ALWAYS_SEARCH_USER_PATHS = NO;
				CLANG_ANALYZER_NONNULL = YES;
				CLANG_ANALYZER_NUMBER_OBJECT_CONVERSION = YES_AGGRESSIVE;
				CLANG_CXX_LANGUAGE_STANDARD = "gnu++14";
				CLANG_CXX_LIBRARY = "libc++";
				CLANG_ENABLE_MODULES = YES;
				CLANG_ENABLE_OBJC_ARC = YES;
				CLANG_ENABLE_OBJC_WEAK = YES;
				CLANG_WARN_BLOCK_CAPTURE_AUTORELEASING = YES;
				CLANG_WARN_BOOL_CONVERSION = YES;
				CLANG_WARN_COMMA = YES;
				CLANG_WARN_CONSTANT_CONVERSION = YES;
				CLANG_WARN_DEPRECATED_OBJC_IMPLEMENTATIONS = YES;
				CLANG_WARN_DIRECT_OBJC_ISA_USAGE = YES_ERROR;
				CLANG_WARN_DOCUMENTATION_COMMENTS = YES;
				CLANG_WARN_EMPTY_BODY = YES;
				CLANG_WARN_ENUM_CONVERSION = YES;
				CLANG_WARN_INFINITE_RECURSION = YES;
				CLANG_WARN_INT_CONVERSION = YES;
				CLANG_WARN_NON_LITERAL_NULL_CONVERSION = YES;
				CLANG_WARN_OBJC_IMPLICIT_RETAIN_SELF = YES;
				CLANG_WARN_OBJC_LITERAL_CONVERSION = YES;
				CLANG_WARN_OBJC_ROOT_CLASS = YES_ERROR;
				CLANG_WARN_QUOTED_INCLUDE_IN_FRAMEWORK_HEADER = YES;
				CLANG_WARN_RANGE_LOOP_ANALYSIS = YES;
				CLANG_WARN_STRICT_PROTOTYPES = YES;
				CLANG_WARN_SUSPICIOUS_MOVE = YES;
				CLANG_WARN_UNGUARDED_AVAILABILITY = YES_AGGRESSIVE;
				CLANG_WARN_UNREACHABLE_CODE = YES;
				CLANG_WARN__DUPLICATE_METHOD_MATCH = YES;
				COPY_PHASE_STRIP = NO;
				DEBUG_INFORMATION_FORMAT = "dwarf-with-dsym";
				ENABLE_NS_ASSERTIONS = NO;
				ENABLE_STRICT_OBJC_MSGSEND = YES;
				GCC_C_LANGUAGE_STANDARD = gnu11;
				GCC_NO_COMMON_BLOCKS = YES;
				GCC_WARN_64_TO_32_BIT_CONVERSION = YES;
				GCC_WARN_ABOUT_RETURN_TYPE = YES_ERROR;
				GCC_WARN_UNDECLARED_SELECTOR = YES;
				GCC_WARN_UNINITIALIZED_AUTOS = YES_AGGRESSIVE;
				GCC_WARN_UNUSED_FUNCTION = YES;
				GCC_WARN_UNUSED_VARIABLE = YES;
				MACOSX_DEPLOYMENT_TARGET = 11.0;
				MTL_ENABLE_DEBUG_INFO = NO;
				MTL_FAST_MATH = YES;
				SDKROOT = macosx;
				SWIFT_COMPILATION_MODE = wholemodule;
				SWIFT_OPTIMIZATION_LEVEL = "-O";
			};
			name = Release;
		};
		AC1ABD7E25615F420068AF39 /* Debug */ = {
			isa = XCBuildConfiguration;
			buildSettings = {
				ASSETCATALOG_COMPILER_APPICON_NAME = AppIcon;
				ASSETCATALOG_COMPILER_GLOBAL_ACCENT_COLOR_NAME = AccentColor;
				CODE_SIGN_ENTITLEMENTS = MyFirstMacApp2/MyFirstMacApp2.entitlements;
				CODE_SIGN_STYLE = Automatic;
				COMBINE_HIDPI_IMAGES = YES;
				DEVELOPMENT_ASSET_PATHS = "\"MyFirstMacApp2/Preview Content\"";
				DEVELOPMENT_TEAM = AT74GMA56J;
				ENABLE_HARDENED_RUNTIME = YES;
				ENABLE_PREVIEWS = YES;
				INFOPLIST_FILE = MyFirstMacApp2/Info.plist;
				LD_RUNPATH_SEARCH_PATHS = (
					"$(inherited)",
					"@executable_path/../Frameworks",
				);
				MACOSX_DEPLOYMENT_TARGET = 11.0;
				PRODUCT_BUNDLE_IDENTIFIER = hoge.com.MyFirstMacApp2;
				PRODUCT_NAME = "$(TARGET_NAME)";
				SWIFT_VERSION = 5.0;
			};
			name = Debug;
		};
		AC1ABD7F25615F420068AF39 /* Release */ = {
			isa = XCBuildConfiguration;
			buildSettings = {
				ASSETCATALOG_COMPILER_APPICON_NAME = AppIcon;
				ASSETCATALOG_COMPILER_GLOBAL_ACCENT_COLOR_NAME = AccentColor;
				CODE_SIGN_ENTITLEMENTS = MyFirstMacApp2/MyFirstMacApp2.entitlements;
				CODE_SIGN_STYLE = Automatic;
				COMBINE_HIDPI_IMAGES = YES;
				DEVELOPMENT_ASSET_PATHS = "\"MyFirstMacApp2/Preview Content\"";
				DEVELOPMENT_TEAM = AT74GMA56J;
				ENABLE_HARDENED_RUNTIME = YES;
				ENABLE_PREVIEWS = YES;
				INFOPLIST_FILE = MyFirstMacApp2/Info.plist;
				LD_RUNPATH_SEARCH_PATHS = (
					"$(inherited)",
					"@executable_path/../Frameworks",
				);
				MACOSX_DEPLOYMENT_TARGET = 11.0;
				PRODUCT_BUNDLE_IDENTIFIER = hoge.com.MyFirstMacApp2;
				PRODUCT_NAME = "$(TARGET_NAME)";
				SWIFT_VERSION = 5.0;
			};
			name = Release;
		};
		AC1ABD8125615F420068AF39 /* Debug */ = {
			isa = XCBuildConfiguration;
			buildSettings = {
				ALWAYS_EMBED_SWIFT_STANDARD_LIBRARIES = YES;
				BUNDLE_LOADER = "$(TEST_HOST)";
				CODE_SIGN_STYLE = Automatic;
				COMBINE_HIDPI_IMAGES = YES;
				DEVELOPMENT_TEAM = AT74GMA56J;
				INFOPLIST_FILE = MyFirstMacApp2Tests/Info.plist;
				LD_RUNPATH_SEARCH_PATHS = (
					"$(inherited)",
					"@executable_path/../Frameworks",
					"@loader_path/../Frameworks",
				);
				MACOSX_DEPLOYMENT_TARGET = 10.15;
				PRODUCT_BUNDLE_IDENTIFIER = hoge.com.MyFirstMacApp2Tests;
				PRODUCT_NAME = "$(TARGET_NAME)";
				SWIFT_VERSION = 5.0;
				TEST_HOST = "$(BUILT_PRODUCTS_DIR)/MyFirstMacApp2.app/Contents/MacOS/MyFirstMacApp2";
			};
			name = Debug;
		};
		AC1ABD8225615F420068AF39 /* Release */ = {
			isa = XCBuildConfiguration;
			buildSettings = {
				ALWAYS_EMBED_SWIFT_STANDARD_LIBRARIES = YES;
				BUNDLE_LOADER = "$(TEST_HOST)";
				CODE_SIGN_STYLE = Automatic;
				COMBINE_HIDPI_IMAGES = YES;
				DEVELOPMENT_TEAM = AT74GMA56J;
				INFOPLIST_FILE = MyFirstMacApp2Tests/Info.plist;
				LD_RUNPATH_SEARCH_PATHS = (
					"$(inherited)",
					"@executable_path/../Frameworks",
					"@loader_path/../Frameworks",
				);
				MACOSX_DEPLOYMENT_TARGET = 10.15;
				PRODUCT_BUNDLE_IDENTIFIER = hoge.com.MyFirstMacApp2Tests;
				PRODUCT_NAME = "$(TARGET_NAME)";
				SWIFT_VERSION = 5.0;
				TEST_HOST = "$(BUILT_PRODUCTS_DIR)/MyFirstMacApp2.app/Contents/MacOS/MyFirstMacApp2";
			};
			name = Release;
		};
		AC1ABD8425615F420068AF39 /* Debug */ = {
			isa = XCBuildConfiguration;
			buildSettings = {
				ALWAYS_EMBED_SWIFT_STANDARD_LIBRARIES = YES;
				CODE_SIGN_STYLE = Automatic;
				COMBINE_HIDPI_IMAGES = YES;
				DEVELOPMENT_TEAM = AT74GMA56J;
				INFOPLIST_FILE = MyFirstMacApp2UITests/Info.plist;
				LD_RUNPATH_SEARCH_PATHS = (
					"$(inherited)",
					"@executable_path/../Frameworks",
					"@loader_path/../Frameworks",
				);
				PRODUCT_BUNDLE_IDENTIFIER = hoge.com.MyFirstMacApp2UITests;
				PRODUCT_NAME = "$(TARGET_NAME)";
				SWIFT_VERSION = 5.0;
				TEST_TARGET_NAME = MyFirstMacApp2;
			};
			name = Debug;
		};
		AC1ABD8525615F420068AF39 /* Release */ = {
			isa = XCBuildConfiguration;
			buildSettings = {
				ALWAYS_EMBED_SWIFT_STANDARD_LIBRARIES = YES;
				CODE_SIGN_STYLE = Automatic;
				COMBINE_HIDPI_IMAGES = YES;
				DEVELOPMENT_TEAM = AT74GMA56J;
				INFOPLIST_FILE = MyFirstMacApp2UITests/Info.plist;
				LD_RUNPATH_SEARCH_PATHS = (
					"$(inherited)",
					"@executable_path/../Frameworks",
					"@loader_path/../Frameworks",
				);
				PRODUCT_BUNDLE_IDENTIFIER = hoge.com.MyFirstMacApp2UITests;
				PRODUCT_NAME = "$(TARGET_NAME)";
				SWIFT_VERSION = 5.0;
				TEST_TARGET_NAME = MyFirstMacApp2;
			};
			name = Release;
		};
/* End XCBuildConfiguration section */

/* Begin XCConfigurationList section */
		AC1ABD4F25615F410068AF39 /* Build configuration list for PBXProject "MyFirstMacApp2" */ = {
			isa = XCConfigurationList;
			buildConfigurations = (
				AC1ABD7B25615F420068AF39 /* Debug */,
				AC1ABD7C25615F420068AF39 /* Release */,
			);
			defaultConfigurationIsVisible = 0;
			defaultConfigurationName = Release;
		};
		AC1ABD7D25615F420068AF39 /* Build configuration list for PBXNativeTarget "MyFirstMacApp2" */ = {
			isa = XCConfigurationList;
			buildConfigurations = (
				AC1ABD7E25615F420068AF39 /* Debug */,
				AC1ABD7F25615F420068AF39 /* Release */,
			);
			defaultConfigurationIsVisible = 0;
			defaultConfigurationName = Release;
		};
		AC1ABD8025615F420068AF39 /* Build configuration list for PBXNativeTarget "MyFirstMacApp2Tests" */ = {
			isa = XCConfigurationList;
			buildConfigurations = (
				AC1ABD8125615F420068AF39 /* Debug */,
				AC1ABD8225615F420068AF39 /* Release */,
			);
			defaultConfigurationIsVisible = 0;
			defaultConfigurationName = Release;
		};
		AC1ABD8325615F420068AF39 /* Build configuration list for PBXNativeTarget "MyFirstMacApp2UITests" */ = {
			isa = XCConfigurationList;
			buildConfigurations = (
				AC1ABD8425615F420068AF39 /* Debug */,
				AC1ABD8525615F420068AF39 /* Release */,
			);
			defaultConfigurationIsVisible = 0;
			defaultConfigurationName = Release;
		};
/* End XCConfigurationList section */

/* Begin XCRemoteSwiftPackageReference section */
		AC4870F7256BDFF300A909B9 /* XCRemoteSwiftPackageReference "HotKey" */ = {
			isa = XCRemoteSwiftPackageReference;
			repositoryURL = "https://github.com/soffes/HotKey.git";
			requirement = {
				kind = upToNextMajorVersion;
				minimumVersion = 0.1.3;
			};
		};
/* End XCRemoteSwiftPackageReference section */

/* Begin XCSwiftPackageProductDependency section */
		AC4870F8256BDFF300A909B9 /* HotKey */ = {
			isa = XCSwiftPackageProductDependency;
			package = AC4870F7256BDFF300A909B9 /* XCRemoteSwiftPackageReference "HotKey" */;
			productName = HotKey;
		};
/* End XCSwiftPackageProductDependency section */
	};
	rootObject = AC1ABD4C25615F410068AF39 /* Project object */;
}
